<?xml version="1.0" encoding="utf-8"?>
<Project ToolsVersion="4.0" xmlns="http://schemas.microsoft.com/developer/msbuild/2003">
  <ItemGroup>
    <Filter Include="Source Files">
      <UniqueIdentifier>{4FC737F1-C7A5-4376-A066-2A32D752A2FF}</UniqueIdentifier>
      <Extensions>cpp;c;cc;cxx;c++;cppm;ixx;def;odl;idl;hpj;bat;asm;asmx</Extensions>
    </Filter>
    <Filter Include="Header Files">
      <UniqueIdentifier>{93995380-89BD-4b04-88EB-625FBE52EBFB}</UniqueIdentifier>
      <Extensions>h;hh;hpp;hxx;h++;hm;inl;inc;ipp;xsd</Extensions>
    </Filter>
    <Filter Include="Resource Files">
      <UniqueIdentifier>{67DA6AB6-F800-4c08-8B7A-83BB121AAD01}</UniqueIdentifier>
      <Extensions>rc;ico;cur;bmp;dlg;rc2;rct;bin;rgs;gif;jpg;jpeg;jpe;resx;tiff;tif;png;wav;mfcribbon-ms</Extensions>
    </Filter>
    <Filter Include="Source Files\controller">
      <UniqueIdentifier>{1f8557e2-83b7-4985-8f53-09e37239d53f}</UniqueIdentifier>
    </Filter>
    <Filter Include="Source Files\entities">
      <UniqueIdentifier>{1e695a2c-13ee-419f-aab2-97f463e56500}</UniqueIdentifier>
    </Filter>
    <Filter Include="Source Files\repository">
      <UniqueIdentifier>{4b9b839a-0ce7-4667-a3ec-e271b62256e2}</UniqueIdentifier>
    </Filter>
    <Filter Include="Source Files\services">
      <UniqueIdentifier>{400b8883-ba24-4865-8db3-63061eef6399}</UniqueIdentifier>
    </Filter>
    <Filter Include="Source Files\UI">
      <UniqueIdentifier>{c4435071-420f-4565-aa8d-f7f9597547ab}</UniqueIdentifier>
    </Filter>
    <Filter Include="Header Files\controllers">
      <UniqueIdentifier>{e35c1c99-a5b2-4603-bcb6-77fb282e50cb}</UniqueIdentifier>
    </Filter>
    <Filter Include="Header Files\entities">
      <UniqueIdentifier>{14610460-eaa5-468e-890a-6ea79d356310}</UniqueIdentifier>
    </Filter>
    <Filter Include="Header Files\UI">
      <UniqueIdentifier>{c8965e4e-a926-4ff6-be8c-85353f5310e5}</UniqueIdentifier>
    </Filter>
    <Filter Include="Header Files\services">
      <UniqueIdentifier>{50f24714-02bf-48a4-b248-7d4bb53b7b3f}</UniqueIdentifier>
    </Filter>
    <Filter Include="Header Files\repositories">
      <UniqueIdentifier>{ee31d4e8-4cd0-4cf7-b87f-14ec92db87e5}</UniqueIdentifier>
    </Filter>
  </ItemGroup>
  <ItemGroup>
    <ClCompile Include="main.cpp">
      <Filter>Source Files</Filter>
    </ClCompile>
    <ClCompile Include="productcontroller.cpp">
      <Filter>Source Files\controller</Filter>
    </ClCompile>
    <ClCompile Include="product.cpp">
      <Filter>Source Files\entities</Filter>
    </ClCompile>
    <ClCompile Include="repository.cpp">
      <Filter>Source Files\repository</Filter>
    </ClCompile>
    <ClCompile Include="productService.cpp">
      <Filter>Source Files\services</Filter>
    </ClCompile>
    <ClCompile Include="UImanager.cpp">
      <Filter>Source Files\UI</Filter>
    </ClCompile>
  </ItemGroup>
  <ItemGroup>
    <ClInclude Include="productcontroller.h">
      <Filter>Header Files\controllers</Filter>
    </ClInclude>
    <ClInclude Include="productservice.h">
      <Filter>Header Files\services</Filter>
    </ClInclude>
    <ClInclude Include="repository.h">
      <Filter>Header Files\repositories</Filter>
    </ClInclude>
    <ClInclude Include="UImanager.h">
      <Filter>Header Files\UI</Filter>
    </ClInclude>
    <ClInclude Include="product.h">
      <Filter>Header Files\entities</Filter>
    </ClInclude>
  </ItemGroup>
</Project>